<?xml version="1.0" encoding="UTF-8"?>
<!DOCTYPE plist PUBLIC "-//Apple//DTD PLIST 1.0//EN" "http://www.apple.com/DTDs/PropertyList-1.0.dtd">
<plist version="1.0">
<dict>
	<key>archiveVersion</key>
	<string>1</string>
	<key>classes</key>
	<dict/>
	<key>objectVersion</key>
	<string>46</string>
	<key>objects</key>
	<dict>
		<key>3D4BE59FDD27C721EC5D8384</key>
		<dict>
			<key>children</key>
			<array>
				<string>7D1EE48FDCBE72E1AA97379E</string>
				<string>9E6ABF70ADE6C053CDE916EF</string>
				<string>ABD7270FB7023FF152C5D340</string>
				<string>A8F647D18DD790CCB2B1C212</string>
			</array>
			<key>isa</key>
			<string>PBXGroup</string>
			<key>name</key>
			<string>Pods</string>
			<key>sourceTree</key>
			<string>&lt;group&gt;</string>
		</dict>
		<key>7D1EE48FDCBE72E1AA97379E</key>
		<dict>
			<key>includeInIndex</key>
			<string>1</string>
			<key>isa</key>
			<string>PBXFileReference</string>
			<key>lastKnownFileType</key>
			<string>text.xcconfig</string>
			<key>name</key>
			<string>Pods-BIF.debug.xcconfig</string>
			<key>path</key>
			<string>Pods/Target Support Files/Pods-BIF/Pods-BIF.debug.xcconfig</string>
			<key>sourceTree</key>
			<string>&lt;group&gt;</string>
		</dict>
		<key>94A1076C1957D5F8009E7A5F</key>
		<dict>
			<key>children</key>
			<array>
				<string>94A107951957D61E009E7A5F</string>
				<string>94A107B41957D61E009E7A5F</string>
				<string>94F2DB52196B444A00FBCA07</string>
				<string>94A107761957D5F8009E7A5F</string>
				<string>3D4BE59FDD27C721EC5D8384</string>
			</array>
			<key>isa</key>
			<string>PBXGroup</string>
			<key>sourceTree</key>
			<string>&lt;group&gt;</string>
		</dict>
		<key>94A1076D1957D5F8009E7A5F</key>
		<dict>
			<key>attributes</key>
			<dict>
				<key>LastUpgradeCheck</key>
				<string>0600</string>
				<key>ORGANIZATIONNAME</key>
				<string>Ryan Gomba</string>
				<key>TargetAttributes</key>
				<dict>
					<key>94A107741957D5F8009E7A5F</key>
					<dict>
						<key>CreatedOnToolsVersion</key>
						<string>6.0</string>
						<key>DevelopmentTeam</key>
						<string>NKSX667Z2K</string>
					</dict>
				</dict>
			</dict>
			<key>buildConfigurationList</key>
			<string>94A107701957D5F8009E7A5F</string>
			<key>compatibilityVersion</key>
			<string>Xcode 3.2</string>
			<key>developmentRegion</key>
			<string>English</string>
			<key>hasScannedForEncodings</key>
			<string>0</string>
			<key>isa</key>
			<string>PBXProject</string>
			<key>knownRegions</key>
			<array>
				<string>en</string>
			</array>
			<key>mainGroup</key>
			<string>94A1076C1957D5F8009E7A5F</string>
			<key>productRefGroup</key>
			<string>94A107761957D5F8009E7A5F</string>
			<key>projectDirPath</key>
			<string></string>
			<key>projectReferences</key>
			<array/>
			<key>projectRoot</key>
			<string></string>
			<key>targets</key>
			<array>
				<string>94A107741957D5F8009E7A5F</string>
			</array>
		</dict>
		<key>94A107701957D5F8009E7A5F</key>
		<dict>
			<key>buildConfigurations</key>
			<array>
				<string>94A1078D1957D5F8009E7A5F</string>
				<string>94A1078E1957D5F8009E7A5F</string>
			</array>
			<key>defaultConfigurationIsVisible</key>
			<string>0</string>
			<key>defaultConfigurationName</key>
			<string>Release</string>
			<key>isa</key>
			<string>XCConfigurationList</string>
		</dict>
		<key>94A107711957D5F8009E7A5F</key>
		<dict>
			<key>buildActionMask</key>
			<string>2147483647</string>
			<key>files</key>
			<array>
				<string>94A107C11957D61E009E7A5F</string>
				<string>94A107B81957D61E009E7A5F</string>
				<string>94A107BD1957D61E009E7A5F</string>
				<string>94CA403319D59E5F00F6C4A7</string>
				<string>94CA402819D320A900F6C4A7</string>
				<string>94A107B91957D61E009E7A5F</string>
				<string>94A107BC1957D61E009E7A5F</string>
				<string>94CA403C19D5B36500F6C4A7</string>
				<string>94A107BF1957D61E009E7A5F</string>
				<string>94CA403019D3423500F6C4A7</string>
				<string>94CA404219D61C2300F6C4A7</string>
				<string>94CA402519D1CC1C00F6C4A7</string>
				<string>94CA404819D6202800F6C4A7</string>
				<string>94A107BE1957D61E009E7A5F</string>
				<string>94F2DB461964CA0000FBCA07</string>
				<string>94A107C51957D61E009E7A5F</string>
				<string>94CA403919D5A61200F6C4A7</string>
				<string>94CA404519D61C9900F6C4A7</string>
				<string>94A107C61957D61E009E7A5F</string>
				<string>94CA403F19D6180800F6C4A7</string>
				<string>94F2DB491965BB8B00FBCA07</string>
				<string>94CA403619D5A25B00F6C4A7</string>
				<string>94A107BB1957D61E009E7A5F</string>
				<string>94A107C21957D61E009E7A5F</string>
				<string>94A107C91957D61E009E7A5F</string>
				<string>94A107C41957D61E009E7A5F</string>
				<string>94A107BA1957D61E009E7A5F</string>
				<string>94A107C01957D61E009E7A5F</string>
				<string>94A107C31957D61E009E7A5F</string>
			</array>
			<key>isa</key>
			<string>PBXSourcesBuildPhase</string>
			<key>runOnlyForDeploymentPostprocessing</key>
			<string>0</string>
		</dict>
		<key>94A107721957D5F8009E7A5F</key>
		<dict>
			<key>buildActionMask</key>
			<string>2147483647</string>
			<key>files</key>
			<array>
				<string>94F2DB511966FAED00FBCA07</string>
				<string>94F2DB4D1966F9DF00FBCA07</string>
				<string>94F2DB4B1965C19D00FBCA07</string>
				<string>A74C6879809807A16AF5E93E</string>
			</array>
			<key>isa</key>
			<string>PBXFrameworksBuildPhase</string>
			<key>runOnlyForDeploymentPostprocessing</key>
			<string>0</string>
		</dict>
		<key>94A107731957D5F8009E7A5F</key>
		<dict>
			<key>buildActionMask</key>
			<string>2147483647</string>
			<key>files</key>
			<array>
				<string>94A107C71957D61E009E7A5F</string>
				<string>94CA402C19D3236D00F6C4A7</string>
				<string>94CA402219D1BE7F00F6C4A7</string>
				<string>94CA402D19D3236D00F6C4A7</string>
			</array>
			<key>isa</key>
			<string>PBXResourcesBuildPhase</string>
			<key>runOnlyForDeploymentPostprocessing</key>
			<string>0</string>
		</dict>
		<key>94A107741957D5F8009E7A5F</key>
		<dict>
			<key>buildConfigurationList</key>
			<string>94A1078F1957D5F8009E7A5F</string>
			<key>buildPhases</key>
			<array>
				<string>D1EBDA930C85066F3540F786</string>
				<string>94A107711957D5F8009E7A5F</string>
				<string>94A107721957D5F8009E7A5F</string>
				<string>94A107731957D5F8009E7A5F</string>
				<string>D14DB3DDA70A60C1558CD476</string>
			</array>
			<key>buildRules</key>
			<array/>
			<key>dependencies</key>
			<array/>
			<key>isa</key>
			<string>PBXNativeTarget</string>
			<key>name</key>
			<string>BIF</string>
			<key>productName</key>
			<string>BIF</string>
			<key>productReference</key>
			<string>94A107751957D5F8009E7A5F</string>
			<key>productType</key>
			<string>com.apple.product-type.application</string>
		</dict>
		<key>94A107751957D5F8009E7A5F</key>
		<dict>
			<key>explicitFileType</key>
			<string>wrapper.application</string>
			<key>includeInIndex</key>
			<string>0</string>
			<key>isa</key>
			<string>PBXFileReference</string>
			<key>path</key>
			<string>BIF.app</string>
			<key>sourceTree</key>
			<string>BUILT_PRODUCTS_DIR</string>
		</dict>
		<key>94A107761957D5F8009E7A5F</key>
		<dict>
			<key>children</key>
			<array>
				<string>94A107751957D5F8009E7A5F</string>
			</array>
			<key>isa</key>
			<string>PBXGroup</string>
			<key>name</key>
			<string>Products</string>
			<key>sourceTree</key>
			<string>&lt;group&gt;</string>
		</dict>
		<key>94A1078D1957D5F8009E7A5F</key>
		<dict>
			<key>buildSettings</key>
			<dict>
				<key>ALWAYS_SEARCH_USER_PATHS</key>
				<string>NO</string>
				<key>CLANG_CXX_LANGUAGE_STANDARD</key>
				<string>gnu++0x</string>
				<key>CLANG_CXX_LIBRARY</key>
				<string>libc++</string>
				<key>CLANG_ENABLE_MODULES</key>
				<string>YES</string>
				<key>CLANG_ENABLE_OBJC_ARC</key>
				<string>YES</string>
				<key>CLANG_WARN_BOOL_CONVERSION</key>
				<string>YES</string>
				<key>CLANG_WARN_CONSTANT_CONVERSION</key>
				<string>YES</string>
				<key>CLANG_WARN_DIRECT_OBJC_ISA_USAGE</key>
				<string>YES_ERROR</string>
				<key>CLANG_WARN_EMPTY_BODY</key>
				<string>YES</string>
				<key>CLANG_WARN_ENUM_CONVERSION</key>
				<string>YES</string>
				<key>CLANG_WARN_INT_CONVERSION</key>
				<string>YES</string>
				<key>CLANG_WARN_OBJC_ROOT_CLASS</key>
				<string>YES_ERROR</string>
				<key>CLANG_WARN_UNREACHABLE_CODE</key>
				<string>YES</string>
				<key>CLANG_WARN__DUPLICATE_METHOD_MATCH</key>
				<string>YES</string>
				<key>CODE_SIGN_IDENTITY[sdk=iphoneos*]</key>
				<string>iPhone Developer</string>
				<key>COPY_PHASE_STRIP</key>
				<string>NO</string>
				<key>ENABLE_STRICT_OBJC_MSGSEND</key>
				<string>YES</string>
				<key>GCC_C_LANGUAGE_STANDARD</key>
				<string>gnu99</string>
				<key>GCC_DYNAMIC_NO_PIC</key>
				<string>NO</string>
				<key>GCC_OPTIMIZATION_LEVEL</key>
				<string>0</string>
				<key>GCC_PREPROCESSOR_DEFINITIONS</key>
				<array>
					<string>DEBUG=1</string>
					<string>$(inherited)</string>
				</array>
				<key>GCC_SYMBOLS_PRIVATE_EXTERN</key>
				<string>NO</string>
				<key>GCC_WARN_64_TO_32_BIT_CONVERSION</key>
				<string>YES</string>
				<key>GCC_WARN_ABOUT_RETURN_TYPE</key>
				<string>YES_ERROR</string>
				<key>GCC_WARN_UNDECLARED_SELECTOR</key>
				<string>YES</string>
				<key>GCC_WARN_UNINITIALIZED_AUTOS</key>
				<string>YES_AGGRESSIVE</string>
				<key>GCC_WARN_UNUSED_FUNCTION</key>
				<string>YES</string>
				<key>GCC_WARN_UNUSED_VARIABLE</key>
				<string>YES</string>
				<key>IPHONEOS_DEPLOYMENT_TARGET</key>
				<string>8.0</string>
				<key>METAL_ENABLE_DEBUG_INFO</key>
				<string>YES</string>
				<key>ONLY_ACTIVE_ARCH</key>
				<string>YES</string>
				<key>SDKROOT</key>
				<string>iphoneos</string>
			</dict>
			<key>isa</key>
			<string>XCBuildConfiguration</string>
			<key>name</key>
			<string>Debug</string>
		</dict>
		<key>94A1078E1957D5F8009E7A5F</key>
		<dict>
			<key>buildSettings</key>
			<dict>
				<key>ALWAYS_SEARCH_USER_PATHS</key>
				<string>NO</string>
				<key>CLANG_CXX_LANGUAGE_STANDARD</key>
				<string>gnu++0x</string>
				<key>CLANG_CXX_LIBRARY</key>
				<string>libc++</string>
				<key>CLANG_ENABLE_MODULES</key>
				<string>YES</string>
				<key>CLANG_ENABLE_OBJC_ARC</key>
				<string>YES</string>
				<key>CLANG_WARN_BOOL_CONVERSION</key>
				<string>YES</string>
				<key>CLANG_WARN_CONSTANT_CONVERSION</key>
				<string>YES</string>
				<key>CLANG_WARN_DIRECT_OBJC_ISA_USAGE</key>
				<string>YES_ERROR</string>
				<key>CLANG_WARN_EMPTY_BODY</key>
				<string>YES</string>
				<key>CLANG_WARN_ENUM_CONVERSION</key>
				<string>YES</string>
				<key>CLANG_WARN_INT_CONVERSION</key>
				<string>YES</string>
				<key>CLANG_WARN_OBJC_ROOT_CLASS</key>
				<string>YES_ERROR</string>
				<key>CLANG_WARN_UNREACHABLE_CODE</key>
				<string>YES</string>
				<key>CLANG_WARN__DUPLICATE_METHOD_MATCH</key>
				<string>YES</string>
				<key>CODE_SIGN_IDENTITY[sdk=iphoneos*]</key>
				<string>iPhone Developer</string>
				<key>COPY_PHASE_STRIP</key>
				<string>YES</string>
				<key>ENABLE_NS_ASSERTIONS</key>
				<string>NO</string>
				<key>ENABLE_STRICT_OBJC_MSGSEND</key>
				<string>YES</string>
				<key>GCC_C_LANGUAGE_STANDARD</key>
				<string>gnu99</string>
				<key>GCC_WARN_64_TO_32_BIT_CONVERSION</key>
				<string>YES</string>
				<key>GCC_WARN_ABOUT_RETURN_TYPE</key>
				<string>YES_ERROR</string>
				<key>GCC_WARN_UNDECLARED_SELECTOR</key>
				<string>YES</string>
				<key>GCC_WARN_UNINITIALIZED_AUTOS</key>
				<string>YES_AGGRESSIVE</string>
				<key>GCC_WARN_UNUSED_FUNCTION</key>
				<string>YES</string>
				<key>GCC_WARN_UNUSED_VARIABLE</key>
				<string>YES</string>
				<key>IPHONEOS_DEPLOYMENT_TARGET</key>
				<string>8.0</string>
				<key>METAL_ENABLE_DEBUG_INFO</key>
				<string>NO</string>
				<key>SDKROOT</key>
				<string>iphoneos</string>
				<key>VALIDATE_PRODUCT</key>
				<string>YES</string>
			</dict>
			<key>isa</key>
			<string>XCBuildConfiguration</string>
			<key>name</key>
			<string>Release</string>
		</dict>
		<key>94A1078F1957D5F8009E7A5F</key>
		<dict>
			<key>buildConfigurations</key>
			<array>
				<string>94A107901957D5F8009E7A5F</string>
				<string>94A107911957D5F8009E7A5F</string>
			</array>
			<key>defaultConfigurationIsVisible</key>
			<string>0</string>
			<key>defaultConfigurationName</key>
			<string>Release</string>
			<key>isa</key>
			<string>XCConfigurationList</string>
		</dict>
		<key>94A107901957D5F8009E7A5F</key>
		<dict>
			<key>baseConfigurationReference</key>
			<string>ABD7270FB7023FF152C5D340</string>
			<key>buildSettings</key>
			<dict>
				<key>ASSETCATALOG_COMPILER_APPICON_NAME</key>
				<string>AppIcon</string>
				<key>GCC_PRECOMPILE_PREFIX_HEADER</key>
				<string>YES</string>
				<key>GCC_PREFIX_HEADER</key>
				<string>Support/BIF-Prefix.pch</string>
				<key>INFOPLIST_FILE</key>
				<string>Support/BIF-Info.plist</string>
				<key>LD_RUNPATH_SEARCH_PATHS</key>
				<string>$(inherited) @executable_path/Frameworks</string>
				<key>PRODUCT_NAME</key>
				<string>$(TARGET_NAME)</string>
			</dict>
			<key>isa</key>
			<string>XCBuildConfiguration</string>
			<key>name</key>
			<string>Debug</string>
		</dict>
		<key>94A107911957D5F8009E7A5F</key>
		<dict>
			<key>baseConfigurationReference</key>
			<string>A8F647D18DD790CCB2B1C212</string>
			<key>buildSettings</key>
			<dict>
				<key>ASSETCATALOG_COMPILER_APPICON_NAME</key>
				<string>AppIcon</string>
				<key>GCC_PRECOMPILE_PREFIX_HEADER</key>
				<string>YES</string>
				<key>GCC_PREFIX_HEADER</key>
				<string>Support/BIF-Prefix.pch</string>
				<key>INFOPLIST_FILE</key>
				<string>Support/BIF-Info.plist</string>
				<key>LD_RUNPATH_SEARCH_PATHS</key>
				<string>$(inherited) @executable_path/Frameworks</string>
				<key>PRODUCT_NAME</key>
				<string>$(TARGET_NAME)</string>
			</dict>
			<key>isa</key>
			<string>XCBuildConfiguration</string>
			<key>name</key>
			<string>Release</string>
		</dict>
		<key>94A107951957D61E009E7A5F</key>
		<dict>
			<key>children</key>
			<array>
				<string>94F2DB5A196B451E00FBCA07</string>
				<string>94F2DB55196B44A400FBCA07</string>
				<string>94F2DB58196B44DA00FBCA07</string>
				<string>94F2DB56196B44CC00FBCA07</string>
				<string>94F2DB53196B446200FBCA07</string>
				<string>94F2DB59196B450F00FBCA07</string>
				<string>94F2DB57196B44D600FBCA07</string>
			</array>
			<key>isa</key>
			<string>PBXGroup</string>
			<key>path</key>
			<string>Classes</string>
			<key>sourceTree</key>
			<string>&lt;group&gt;</string>
		</dict>
		<key>94A107961957D61E009E7A5F</key>
		<dict>
			<key>fileEncoding</key>
			<string>4</string>
			<key>isa</key>
			<string>PBXFileReference</string>
			<key>lastKnownFileType</key>
			<string>sourcecode.c.h</string>
			<key>path</key>
			<string>BGAppDelegate.h</string>
			<key>sourceTree</key>
			<string>&lt;group&gt;</string>
		</dict>
		<key>94A107971957D61E009E7A5F</key>
		<dict>
			<key>fileEncoding</key>
			<string>4</string>
			<key>isa</key>
			<string>PBXFileReference</string>
			<key>lastKnownFileType</key>
			<string>sourcecode.c.objc</string>
			<key>path</key>
			<string>BGAppDelegate.m</string>
			<key>sourceTree</key>
			<string>&lt;group&gt;</string>
		</dict>
		<key>94A107981957D61E009E7A5F</key>
		<dict>
			<key>fileEncoding</key>
			<string>4</string>
			<key>isa</key>
			<string>PBXFileReference</string>
			<key>lastKnownFileType</key>
			<string>sourcecode.c.h</string>
			<key>path</key>
			<string>BGBurstGroup.h</string>
			<key>sourceTree</key>
			<string>&lt;group&gt;</string>
		</dict>
		<key>94A107991957D61E009E7A5F</key>
		<dict>
			<key>fileEncoding</key>
			<string>4</string>
			<key>isa</key>
			<string>PBXFileReference</string>
			<key>lastKnownFileType</key>
			<string>sourcecode.c.objc</string>
			<key>path</key>
			<string>BGBurstGroup.m</string>
			<key>sourceTree</key>
			<string>&lt;group&gt;</string>
		</dict>
		<key>94A1079A1957D61E009E7A5F</key>
		<dict>
			<key>fileEncoding</key>
			<string>4</string>
			<key>isa</key>
			<string>PBXFileReference</string>
			<key>lastKnownFileType</key>
			<string>sourcecode.c.h</string>
			<key>path</key>
			<string>BGBurstGroupCell.h</string>
			<key>sourceTree</key>
			<string>&lt;group&gt;</string>
		</dict>
		<key>94A1079B1957D61E009E7A5F</key>
		<dict>
			<key>fileEncoding</key>
			<string>4</string>
			<key>isa</key>
			<string>PBXFileReference</string>
			<key>lastKnownFileType</key>
			<string>sourcecode.c.objc</string>
			<key>path</key>
			<string>BGBurstGroupCell.m</string>
			<key>sourceTree</key>
			<string>&lt;group&gt;</string>
		</dict>
		<key>94A1079C1957D61E009E7A5F</key>
		<dict>
			<key>fileEncoding</key>
			<string>4</string>
			<key>isa</key>
			<string>PBXFileReference</string>
			<key>lastKnownFileType</key>
			<string>sourcecode.c.h</string>
			<key>path</key>
			<string>BGBurstGroupFetcher.h</string>
			<key>sourceTree</key>
			<string>&lt;group&gt;</string>
		</dict>
		<key>94A1079D1957D61E009E7A5F</key>
		<dict>
			<key>fileEncoding</key>
			<string>4</string>
			<key>isa</key>
			<string>PBXFileReference</string>
			<key>lastKnownFileType</key>
			<string>sourcecode.c.objc</string>
			<key>path</key>
			<string>BGBurstGroupFetcher.m</string>
			<key>sourceTree</key>
			<string>&lt;group&gt;</string>
		</dict>
		<key>94A1079E1957D61E009E7A5F</key>
		<dict>
			<key>fileEncoding</key>
			<string>4</string>
			<key>isa</key>
			<string>PBXFileReference</string>
			<key>lastKnownFileType</key>
			<string>sourcecode.c.h</string>
			<key>path</key>
			<string>BGBurstGroupRangePicker.h</string>
			<key>sourceTree</key>
			<string>&lt;group&gt;</string>
		</dict>
		<key>94A1079F1957D61E009E7A5F</key>
		<dict>
			<key>fileEncoding</key>
			<string>4</string>
			<key>isa</key>
			<string>PBXFileReference</string>
			<key>lastKnownFileType</key>
			<string>sourcecode.c.objc</string>
			<key>path</key>
			<string>BGBurstGroupRangePicker.m</string>
			<key>sourceTree</key>
			<string>&lt;group&gt;</string>
		</dict>
		<key>94A107A01957D61E009E7A5F</key>
		<dict>
			<key>fileEncoding</key>
			<string>4</string>
			<key>isa</key>
			<string>PBXFileReference</string>
			<key>lastKnownFileType</key>
			<string>sourcecode.c.h</string>
			<key>path</key>
			<string>BGBurstGroupView.h</string>
			<key>sourceTree</key>
			<string>&lt;group&gt;</string>
		</dict>
		<key>94A107A11957D61E009E7A5F</key>
		<dict>
			<key>fileEncoding</key>
			<string>4</string>
			<key>isa</key>
			<string>PBXFileReference</string>
			<key>lastKnownFileType</key>
			<string>sourcecode.c.objc</string>
			<key>path</key>
			<string>BGBurstGroupView.m</string>
			<key>sourceTree</key>
			<string>&lt;group&gt;</string>
		</dict>
		<key>94A107A21957D61E009E7A5F</key>
		<dict>
			<key>fileEncoding</key>
			<string>4</string>
			<key>isa</key>
			<string>PBXFileReference</string>
			<key>lastKnownFileType</key>
			<string>sourcecode.c.h</string>
			<key>path</key>
			<string>BGBurstInfo.h</string>
			<key>sourceTree</key>
			<string>&lt;group&gt;</string>
		</dict>
		<key>94A107A31957D61E009E7A5F</key>
		<dict>
			<key>fileEncoding</key>
			<string>4</string>
			<key>isa</key>
			<string>PBXFileReference</string>
			<key>lastKnownFileType</key>
			<string>sourcecode.c.objc</string>
			<key>path</key>
			<string>BGBurstInfo.m</string>
			<key>sourceTree</key>
			<string>&lt;group&gt;</string>
		</dict>
		<key>94A107A41957D61E009E7A5F</key>
		<dict>
			<key>fileEncoding</key>
			<string>4</string>
			<key>isa</key>
			<string>PBXFileReference</string>
			<key>lastKnownFileType</key>
			<string>sourcecode.c.h</string>
			<key>path</key>
			<string>BGBurstListViewController.h</string>
			<key>sourceTree</key>
			<string>&lt;group&gt;</string>
		</dict>
		<key>94A107A51957D61E009E7A5F</key>
		<dict>
			<key>fileEncoding</key>
			<string>4</string>
			<key>isa</key>
			<string>PBXFileReference</string>
			<key>lastKnownFileType</key>
			<string>sourcecode.c.objc</string>
			<key>path</key>
			<string>BGBurstListViewController.m</string>
			<key>sourceTree</key>
			<string>&lt;group&gt;</string>
		</dict>
		<key>94A107A61957D61E009E7A5F</key>
		<dict>
			<key>fileEncoding</key>
			<string>4</string>
			<key>isa</key>
			<string>PBXFileReference</string>
			<key>lastKnownFileType</key>
			<string>sourcecode.c.h</string>
			<key>path</key>
			<string>BGBurstPreviewView.h</string>
			<key>sourceTree</key>
			<string>&lt;group&gt;</string>
		</dict>
		<key>94A107A71957D61E009E7A5F</key>
		<dict>
			<key>fileEncoding</key>
			<string>4</string>
			<key>isa</key>
			<string>PBXFileReference</string>
			<key>lastKnownFileType</key>
			<string>sourcecode.c.objc</string>
			<key>path</key>
			<string>BGBurstPreviewView.m</string>
			<key>sourceTree</key>
			<string>&lt;group&gt;</string>
		</dict>
		<key>94A107A81957D61E009E7A5F</key>
		<dict>
			<key>fileEncoding</key>
			<string>4</string>
			<key>isa</key>
			<string>PBXFileReference</string>
			<key>lastKnownFileType</key>
			<string>sourcecode.c.h</string>
			<key>path</key>
			<string>BGBurstPreviewViewController.h</string>
			<key>sourceTree</key>
			<string>&lt;group&gt;</string>
		</dict>
		<key>94A107A91957D61E009E7A5F</key>
		<dict>
			<key>fileEncoding</key>
			<string>4</string>
			<key>isa</key>
			<string>PBXFileReference</string>
			<key>lastKnownFileType</key>
			<string>sourcecode.c.objc</string>
			<key>path</key>
			<string>BGBurstPreviewViewController.m</string>
			<key>sourceTree</key>
			<string>&lt;group&gt;</string>
		</dict>
		<key>94A107AA1957D61E009E7A5F</key>
		<dict>
			<key>fileEncoding</key>
			<string>4</string>
			<key>isa</key>
			<string>PBXFileReference</string>
			<key>lastKnownFileType</key>
			<string>sourcecode.c.h</string>
			<key>path</key>
			<string>BGDatabase.h</string>
			<key>sourceTree</key>
			<string>&lt;group&gt;</string>
		</dict>
		<key>94A107AB1957D61E009E7A5F</key>
		<dict>
			<key>fileEncoding</key>
			<string>4</string>
			<key>isa</key>
			<string>PBXFileReference</string>
			<key>lastKnownFileType</key>
			<string>sourcecode.c.objc</string>
			<key>path</key>
			<string>BGDatabase.m</string>
			<key>sourceTree</key>
			<string>&lt;group&gt;</string>
		</dict>
		<key>94A107AC1957D61E009E7A5F</key>
		<dict>
			<key>fileEncoding</key>
			<string>4</string>
			<key>isa</key>
			<string>PBXFileReference</string>
			<key>lastKnownFileType</key>
			<string>sourcecode.c.h</string>
			<key>path</key>
			<string>BGFileUploader.h</string>
			<key>sourceTree</key>
			<string>&lt;group&gt;</string>
		</dict>
		<key>94A107AD1957D61E009E7A5F</key>
		<dict>
			<key>fileEncoding</key>
			<string>4</string>
			<key>isa</key>
			<string>PBXFileReference</string>
			<key>lastKnownFileType</key>
			<string>sourcecode.c.objc</string>
			<key>path</key>
			<string>BGFileUploader.m</string>
			<key>sourceTree</key>
			<string>&lt;group&gt;</string>
		</dict>
		<key>94A107AE1957D61E009E7A5F</key>
		<dict>
			<key>fileEncoding</key>
			<string>4</string>
			<key>isa</key>
			<string>PBXFileReference</string>
			<key>lastKnownFileType</key>
			<string>sourcecode.c.h</string>
			<key>path</key>
			<string>BGGIFMaker.h</string>
			<key>sourceTree</key>
			<string>&lt;group&gt;</string>
		</dict>
		<key>94A107AF1957D61E009E7A5F</key>
		<dict>
			<key>fileEncoding</key>
			<string>4</string>
			<key>isa</key>
			<string>PBXFileReference</string>
			<key>lastKnownFileType</key>
			<string>sourcecode.c.objc</string>
			<key>path</key>
			<string>BGGIFMaker.m</string>
			<key>sourceTree</key>
			<string>&lt;group&gt;</string>
		</dict>
		<key>94A107B01957D61E009E7A5F</key>
		<dict>
			<key>fileEncoding</key>
			<string>4</string>
			<key>isa</key>
			<string>PBXFileReference</string>
			<key>lastKnownFileType</key>
			<string>sourcecode.c.h</string>
			<key>path</key>
			<string>BGProgressHUD.h</string>
			<key>sourceTree</key>
			<string>&lt;group&gt;</string>
		</dict>
		<key>94A107B11957D61E009E7A5F</key>
		<dict>
			<key>fileEncoding</key>
			<string>4</string>
			<key>isa</key>
			<string>PBXFileReference</string>
			<key>lastKnownFileType</key>
			<string>sourcecode.c.objc</string>
			<key>path</key>
			<string>BGProgressHUD.m</string>
			<key>sourceTree</key>
			<string>&lt;group&gt;</string>
		</dict>
		<key>94A107B21957D61E009E7A5F</key>
		<dict>
			<key>fileEncoding</key>
			<string>4</string>
			<key>isa</key>
			<string>PBXFileReference</string>
			<key>lastKnownFileType</key>
			<string>sourcecode.c.h</string>
			<key>path</key>
			<string>UIImage+Resize.h</string>
			<key>sourceTree</key>
			<string>&lt;group&gt;</string>
		</dict>
		<key>94A107B31957D61E009E7A5F</key>
		<dict>
			<key>fileEncoding</key>
			<string>4</string>
			<key>isa</key>
			<string>PBXFileReference</string>
			<key>lastKnownFileType</key>
			<string>sourcecode.c.objc</string>
			<key>path</key>
			<string>UIImage+Resize.m</string>
			<key>sourceTree</key>
			<string>&lt;group&gt;</string>
		</dict>
		<key>94A107B41957D61E009E7A5F</key>
		<dict>
			<key>children</key>
			<array>
				<string>94CA402919D3236D00F6C4A7</string>
				<string>94F2DB401964A74400FBCA07</string>
				<string>94F2DB5C196B46B600FBCA07</string>
				<string>94A107B51957D61E009E7A5F</string>
				<string>94A107CE1957D66F009E7A5F</string>
				<string>94A107B71957D61E009E7A5F</string>
				<string>94CA402119D1BE7F00F6C4A7</string>
			</array>
			<key>isa</key>
			<string>PBXGroup</string>
			<key>path</key>
			<string>Support</string>
			<key>sourceTree</key>
			<string>&lt;group&gt;</string>
		</dict>
		<key>94A107B51957D61E009E7A5F</key>
		<dict>
			<key>isa</key>
			<string>PBXFileReference</string>
			<key>lastKnownFileType</key>
			<string>folder.assetcatalog</string>
			<key>path</key>
			<string>Images.xcassets</string>
			<key>sourceTree</key>
			<string>&lt;group&gt;</string>
		</dict>
		<key>94A107B71957D61E009E7A5F</key>
		<dict>
			<key>fileEncoding</key>
			<string>4</string>
			<key>isa</key>
			<string>PBXFileReference</string>
			<key>lastKnownFileType</key>
			<string>sourcecode.c.objc</string>
			<key>path</key>
			<string>main.m</string>
			<key>sourceTree</key>
			<string>&lt;group&gt;</string>
		</dict>
		<key>94A107B81957D61E009E7A5F</key>
		<dict>
			<key>fileRef</key>
			<string>94A107971957D61E009E7A5F</string>
			<key>isa</key>
			<string>PBXBuildFile</string>
		</dict>
		<key>94A107B91957D61E009E7A5F</key>
		<dict>
			<key>fileRef</key>
			<string>94A107991957D61E009E7A5F</string>
			<key>isa</key>
			<string>PBXBuildFile</string>
		</dict>
		<key>94A107BA1957D61E009E7A5F</key>
		<dict>
			<key>fileRef</key>
			<string>94A1079B1957D61E009E7A5F</string>
			<key>isa</key>
			<string>PBXBuildFile</string>
		</dict>
		<key>94A107BB1957D61E009E7A5F</key>
		<dict>
			<key>fileRef</key>
			<string>94A1079D1957D61E009E7A5F</string>
			<key>isa</key>
			<string>PBXBuildFile</string>
		</dict>
		<key>94A107BC1957D61E009E7A5F</key>
		<dict>
			<key>fileRef</key>
			<string>94A1079F1957D61E009E7A5F</string>
			<key>isa</key>
			<string>PBXBuildFile</string>
		</dict>
		<key>94A107BD1957D61E009E7A5F</key>
		<dict>
			<key>fileRef</key>
			<string>94A107A11957D61E009E7A5F</string>
			<key>isa</key>
			<string>PBXBuildFile</string>
		</dict>
		<key>94A107BE1957D61E009E7A5F</key>
		<dict>
			<key>fileRef</key>
			<string>94A107A31957D61E009E7A5F</string>
			<key>isa</key>
			<string>PBXBuildFile</string>
		</dict>
		<key>94A107BF1957D61E009E7A5F</key>
		<dict>
			<key>fileRef</key>
			<string>94A107A51957D61E009E7A5F</string>
			<key>isa</key>
			<string>PBXBuildFile</string>
		</dict>
		<key>94A107C01957D61E009E7A5F</key>
		<dict>
			<key>fileRef</key>
			<string>94A107A71957D61E009E7A5F</string>
			<key>isa</key>
			<string>PBXBuildFile</string>
		</dict>
		<key>94A107C11957D61E009E7A5F</key>
		<dict>
			<key>fileRef</key>
			<string>94A107A91957D61E009E7A5F</string>
			<key>isa</key>
			<string>PBXBuildFile</string>
		</dict>
		<key>94A107C21957D61E009E7A5F</key>
		<dict>
			<key>fileRef</key>
			<string>94A107AB1957D61E009E7A5F</string>
			<key>isa</key>
			<string>PBXBuildFile</string>
		</dict>
		<key>94A107C31957D61E009E7A5F</key>
		<dict>
			<key>fileRef</key>
			<string>94A107AD1957D61E009E7A5F</string>
			<key>isa</key>
			<string>PBXBuildFile</string>
		</dict>
		<key>94A107C41957D61E009E7A5F</key>
		<dict>
			<key>fileRef</key>
			<string>94A107AF1957D61E009E7A5F</string>
			<key>isa</key>
			<string>PBXBuildFile</string>
		</dict>
		<key>94A107C51957D61E009E7A5F</key>
		<dict>
			<key>fileRef</key>
			<string>94A107B11957D61E009E7A5F</string>
			<key>isa</key>
			<string>PBXBuildFile</string>
		</dict>
		<key>94A107C61957D61E009E7A5F</key>
		<dict>
			<key>fileRef</key>
			<string>94A107B31957D61E009E7A5F</string>
			<key>isa</key>
			<string>PBXBuildFile</string>
		</dict>
		<key>94A107C71957D61E009E7A5F</key>
		<dict>
			<key>fileRef</key>
			<string>94A107B51957D61E009E7A5F</string>
			<key>isa</key>
			<string>PBXBuildFile</string>
		</dict>
		<key>94A107C91957D61E009E7A5F</key>
		<dict>
			<key>fileRef</key>
			<string>94A107B71957D61E009E7A5F</string>
			<key>isa</key>
			<string>PBXBuildFile</string>
		</dict>
		<key>94A107CE1957D66F009E7A5F</key>
		<dict>
			<key>isa</key>
			<string>PBXFileReference</string>
			<key>lastKnownFileType</key>
			<string>text.plist.xml</string>
			<key>path</key>
			<string>BIF-Info.plist</string>
			<key>sourceTree</key>
			<string>&lt;group&gt;</string>
		</dict>
		<key>94CA402119D1BE7F00F6C4A7</key>
		<dict>
			<key>fileEncoding</key>
			<string>4</string>
			<key>isa</key>
			<string>PBXFileReference</string>
			<key>lastKnownFileType</key>
			<string>file.xib</string>
			<key>path</key>
			<string>Launch Screen.xib</string>
			<key>sourceTree</key>
			<string>&lt;group&gt;</string>
		</dict>
		<key>94CA402219D1BE7F00F6C4A7</key>
		<dict>
			<key>fileRef</key>
			<string>94CA402119D1BE7F00F6C4A7</string>
			<key>isa</key>
			<string>PBXBuildFile</string>
		</dict>
		<key>94CA402319D1CC1C00F6C4A7</key>
		<dict>
			<key>fileEncoding</key>
			<string>4</string>
			<key>isa</key>
			<string>PBXFileReference</string>
			<key>lastKnownFileType</key>
			<string>sourcecode.c.h</string>
			<key>path</key>
			<string>RGGeometry.h</string>
			<key>sourceTree</key>
			<string>&lt;group&gt;</string>
		</dict>
		<key>94CA402419D1CC1C00F6C4A7</key>
		<dict>
			<key>fileEncoding</key>
			<string>4</string>
			<key>isa</key>
			<string>PBXFileReference</string>
			<key>lastKnownFileType</key>
			<string>sourcecode.c.objc</string>
			<key>path</key>
			<string>RGGeometry.m</string>
			<key>sourceTree</key>
			<string>&lt;group&gt;</string>
		</dict>
		<key>94CA402519D1CC1C00F6C4A7</key>
		<dict>
			<key>fileRef</key>
			<string>94CA402419D1CC1C00F6C4A7</string>
			<key>isa</key>
			<string>PBXBuildFile</string>
		</dict>
		<key>94CA402619D320A900F6C4A7</key>
		<dict>
			<key>fileEncoding</key>
			<string>4</string>
			<key>isa</key>
			<string>PBXFileReference</string>
			<key>lastKnownFileType</key>
			<string>sourcecode.c.h</string>
			<key>path</key>
			<string>BGTextButton.h</string>
			<key>sourceTree</key>
			<string>&lt;group&gt;</string>
		</dict>
		<key>94CA402719D320A900F6C4A7</key>
		<dict>
			<key>fileEncoding</key>
			<string>4</string>
			<key>isa</key>
			<string>PBXFileReference</string>
			<key>lastKnownFileType</key>
			<string>sourcecode.c.objc</string>
			<key>path</key>
			<string>BGTextButton.m</string>
			<key>sourceTree</key>
			<string>&lt;group&gt;</string>
		</dict>
		<key>94CA402819D320A900F6C4A7</key>
		<dict>
			<key>fileRef</key>
			<string>94CA402719D320A900F6C4A7</string>
			<key>isa</key>
			<string>PBXBuildFile</string>
		</dict>
		<key>94CA402919D3236D00F6C4A7</key>
		<dict>
			<key>children</key>
			<array>
				<string>94CA402A19D3236D00F6C4A7</string>
				<string>94CA402B19D3236D00F6C4A7</string>
			</array>
			<key>isa</key>
			<string>PBXGroup</string>
			<key>path</key>
			<string>Fonts</string>
			<key>sourceTree</key>
			<string>&lt;group&gt;</string>
		</dict>
		<key>94CA402A19D3236D00F6C4A7</key>
		<dict>
			<key>isa</key>
			<string>PBXFileReference</string>
			<key>lastKnownFileType</key>
			<string>file</string>
			<key>path</key>
			<string>ProximaNovaSoft-Bold.otf</string>
			<key>sourceTree</key>
			<string>&lt;group&gt;</string>
		</dict>
		<key>94CA402B19D3236D00F6C4A7</key>
		<dict>
			<key>isa</key>
			<string>PBXFileReference</string>
			<key>lastKnownFileType</key>
			<string>file</string>
			<key>path</key>
			<string>ProximaNovaSoft-Medium.otf</string>
			<key>sourceTree</key>
			<string>&lt;group&gt;</string>
		</dict>
		<key>94CA402C19D3236D00F6C4A7</key>
		<dict>
			<key>fileRef</key>
			<string>94CA402A19D3236D00F6C4A7</string>
			<key>isa</key>
			<string>PBXBuildFile</string>
		</dict>
		<key>94CA402D19D3236D00F6C4A7</key>
		<dict>
			<key>fileRef</key>
			<string>94CA402B19D3236D00F6C4A7</string>
			<key>isa</key>
			<string>PBXBuildFile</string>
		</dict>
		<key>94CA402E19D3423500F6C4A7</key>
		<dict>
			<key>fileEncoding</key>
			<string>4</string>
			<key>isa</key>
			<string>PBXFileReference</string>
			<key>lastKnownFileType</key>
			<string>sourcecode.c.h</string>
			<key>path</key>
			<string>BGEditTransition.h</string>
			<key>sourceTree</key>
			<string>&lt;group&gt;</string>
		</dict>
		<key>94CA402F19D3423500F6C4A7</key>
		<dict>
			<key>fileEncoding</key>
			<string>4</string>
			<key>isa</key>
			<string>PBXFileReference</string>
			<key>lastKnownFileType</key>
			<string>sourcecode.c.objc</string>
			<key>path</key>
			<string>BGEditTransition.m</string>
			<key>sourceTree</key>
			<string>&lt;group&gt;</string>
		</dict>
		<key>94CA403019D3423500F6C4A7</key>
		<dict>
			<key>fileRef</key>
			<string>94CA402F19D3423500F6C4A7</string>
			<key>isa</key>
			<string>PBXBuildFile</string>
		</dict>
		<key>94CA403119D59E5F00F6C4A7</key>
		<dict>
			<key>fileEncoding</key>
			<string>4</string>
			<key>isa</key>
			<string>PBXFileReference</string>
			<key>lastKnownFileType</key>
			<string>sourcecode.c.h</string>
			<key>path</key>
			<string>BGShareTransition.h</string>
			<key>sourceTree</key>
			<string>&lt;group&gt;</string>
		</dict>
		<key>94CA403219D59E5F00F6C4A7</key>
		<dict>
			<key>fileEncoding</key>
			<string>4</string>
			<key>isa</key>
			<string>PBXFileReference</string>
			<key>lastKnownFileType</key>
			<string>sourcecode.c.objc</string>
			<key>path</key>
			<string>BGShareTransition.m</string>
			<key>sourceTree</key>
			<string>&lt;group&gt;</string>
		</dict>
		<key>94CA403319D59E5F00F6C4A7</key>
		<dict>
			<key>fileRef</key>
			<string>94CA403219D59E5F00F6C4A7</string>
			<key>isa</key>
			<string>PBXBuildFile</string>
		</dict>
		<key>94CA403419D5A25B00F6C4A7</key>
		<dict>
			<key>fileEncoding</key>
			<string>4</string>
			<key>isa</key>
			<string>PBXFileReference</string>
			<key>lastKnownFileType</key>
			<string>sourcecode.c.h</string>
			<key>path</key>
			<string>UIImage+ImageEffects.h</string>
			<key>sourceTree</key>
			<string>&lt;group&gt;</string>
		</dict>
		<key>94CA403519D5A25B00F6C4A7</key>
		<dict>
			<key>fileEncoding</key>
			<string>4</string>
			<key>isa</key>
			<string>PBXFileReference</string>
			<key>lastKnownFileType</key>
			<string>sourcecode.c.objc</string>
			<key>path</key>
			<string>UIImage+ImageEffects.m</string>
			<key>sourceTree</key>
			<string>&lt;group&gt;</string>
		</dict>
		<key>94CA403619D5A25B00F6C4A7</key>
		<dict>
			<key>fileRef</key>
			<string>94CA403519D5A25B00F6C4A7</string>
			<key>isa</key>
			<string>PBXBuildFile</string>
		</dict>
		<key>94CA403719D5A61200F6C4A7</key>
		<dict>
			<key>fileEncoding</key>
			<string>4</string>
			<key>isa</key>
			<string>PBXFileReference</string>
			<key>lastKnownFileType</key>
			<string>sourcecode.c.h</string>
			<key>path</key>
			<string>BGShareCell.h</string>
			<key>sourceTree</key>
			<string>&lt;group&gt;</string>
		</dict>
		<key>94CA403819D5A61200F6C4A7</key>
		<dict>
			<key>fileEncoding</key>
			<string>4</string>
			<key>isa</key>
			<string>PBXFileReference</string>
			<key>lastKnownFileType</key>
			<string>sourcecode.c.objc</string>
			<key>path</key>
			<string>BGShareCell.m</string>
			<key>sourceTree</key>
			<string>&lt;group&gt;</string>
		</dict>
		<key>94CA403919D5A61200F6C4A7</key>
		<dict>
			<key>fileRef</key>
			<string>94CA403819D5A61200F6C4A7</string>
			<key>isa</key>
			<string>PBXBuildFile</string>
		</dict>
		<key>94CA403A19D5B36500F6C4A7</key>
		<dict>
			<key>fileEncoding</key>
			<string>4</string>
			<key>isa</key>
			<string>PBXFileReference</string>
			<key>lastKnownFileType</key>
			<string>sourcecode.c.h</string>
			<key>path</key>
			<string>BGFinalizedBurst.h</string>
			<key>sourceTree</key>
			<string>&lt;group&gt;</string>
		</dict>
		<key>94CA403B19D5B36500F6C4A7</key>
		<dict>
			<key>fileEncoding</key>
			<string>4</string>
			<key>isa</key>
			<string>PBXFileReference</string>
			<key>lastKnownFileType</key>
			<string>sourcecode.c.objc</string>
			<key>path</key>
			<string>BGFinalizedBurst.m</string>
			<key>sourceTree</key>
			<string>&lt;group&gt;</string>
		</dict>
		<key>94CA403C19D5B36500F6C4A7</key>
		<dict>
			<key>fileRef</key>
			<string>94CA403B19D5B36500F6C4A7</string>
			<key>isa</key>
			<string>PBXBuildFile</string>
		</dict>
		<key>94CA403D19D6180800F6C4A7</key>
		<dict>
			<key>fileEncoding</key>
			<string>4</string>
			<key>isa</key>
			<string>PBXFileReference</string>
			<key>lastKnownFileType</key>
			<string>sourcecode.c.h</string>
			<key>path</key>
			<string>BGTextElement.h</string>
			<key>sourceTree</key>
			<string>&lt;group&gt;</string>
		</dict>
		<key>94CA403E19D6180800F6C4A7</key>
		<dict>
			<key>fileEncoding</key>
			<string>4</string>
			<key>isa</key>
			<string>PBXFileReference</string>
			<key>lastKnownFileType</key>
			<string>sourcecode.c.objc</string>
			<key>path</key>
			<string>BGTextElement.m</string>
			<key>sourceTree</key>
			<string>&lt;group&gt;</string>
		</dict>
		<key>94CA403F19D6180800F6C4A7</key>
		<dict>
			<key>fileRef</key>
			<string>94CA403E19D6180800F6C4A7</string>
			<key>isa</key>
			<string>PBXBuildFile</string>
		</dict>
		<key>94CA404019D61C2300F6C4A7</key>
		<dict>
			<key>fileEncoding</key>
			<string>4</string>
			<key>isa</key>
			<string>PBXFileReference</string>
			<key>lastKnownFileType</key>
			<string>sourcecode.c.h</string>
			<key>path</key>
			<string>BGEntryViewController.h</string>
			<key>sourceTree</key>
			<string>&lt;group&gt;</string>
		</dict>
		<key>94CA404119D61C2300F6C4A7</key>
		<dict>
			<key>fileEncoding</key>
			<string>4</string>
			<key>isa</key>
			<string>PBXFileReference</string>
			<key>lastKnownFileType</key>
			<string>sourcecode.c.objc</string>
			<key>path</key>
			<string>BGEntryViewController.m</string>
			<key>sourceTree</key>
			<string>&lt;group&gt;</string>
		</dict>
		<key>94CA404219D61C2300F6C4A7</key>
		<dict>
			<key>fileRef</key>
			<string>94CA404119D61C2300F6C4A7</string>
			<key>isa</key>
			<string>PBXBuildFile</string>
		</dict>
		<key>94CA404319D61C9900F6C4A7</key>
		<dict>
			<key>fileEncoding</key>
			<string>4</string>
			<key>isa</key>
			<string>PBXFileReference</string>
			<key>lastKnownFileType</key>
			<string>sourcecode.c.h</string>
			<key>path</key>
			<string>BGEntryTransition.h</string>
			<key>sourceTree</key>
			<string>&lt;group&gt;</string>
		</dict>
		<key>94CA404419D61C9900F6C4A7</key>
		<dict>
			<key>fileEncoding</key>
			<string>4</string>
			<key>isa</key>
			<string>PBXFileReference</string>
			<key>lastKnownFileType</key>
			<string>sourcecode.c.objc</string>
			<key>path</key>
			<string>BGEntryTransition.m</string>
			<key>sourceTree</key>
			<string>&lt;group&gt;</string>
		</dict>
		<key>94CA404519D61C9900F6C4A7</key>
		<dict>
			<key>fileRef</key>
			<string>94CA404419D61C9900F6C4A7</string>
			<key>isa</key>
			<string>PBXBuildFile</string>
		</dict>
		<key>94CA404619D6202800F6C4A7</key>
		<dict>
			<key>fileEncoding</key>
			<string>4</string>
			<key>isa</key>
			<string>PBXFileReference</string>
			<key>lastKnownFileType</key>
			<string>sourcecode.c.h</string>
			<key>path</key>
			<string>BGPieProgressView.h</string>
			<key>sourceTree</key>
			<string>&lt;group&gt;</string>
		</dict>
		<key>94CA404719D6202800F6C4A7</key>
		<dict>
			<key>fileEncoding</key>
			<string>4</string>
			<key>isa</key>
			<string>PBXFileReference</string>
			<key>lastKnownFileType</key>
			<string>sourcecode.c.objc</string>
			<key>path</key>
			<string>BGPieProgressView.m</string>
			<key>sourceTree</key>
			<string>&lt;group&gt;</string>
		</dict>
		<key>94CA404819D6202800F6C4A7</key>
		<dict>
			<key>fileRef</key>
			<string>94CA404719D6202800F6C4A7</string>
			<key>isa</key>
			<string>PBXBuildFile</string>
		</dict>
		<key>94F2DB401964A74400FBCA07</key>
		<dict>
			<key>fileEncoding</key>
			<string>4</string>
			<key>isa</key>
			<string>PBXFileReference</string>
			<key>lastKnownFileType</key>
			<string>sourcecode.c.h</string>
			<key>path</key>
			<string>BIFHelpers.h</string>
			<key>sourceTree</key>
			<string>&lt;group&gt;</string>
		</dict>
		<key>94F2DB441964CA0000FBCA07</key>
		<dict>
			<key>fileEncoding</key>
			<string>4</string>
			<key>isa</key>
			<string>PBXFileReference</string>
			<key>lastKnownFileType</key>
			<string>sourcecode.c.h</string>
			<key>path</key>
			<string>BGTextView.h</string>
			<key>sourceTree</key>
			<string>&lt;group&gt;</string>
		</dict>
		<key>94F2DB451964CA0000FBCA07</key>
		<dict>
			<key>fileEncoding</key>
			<string>4</string>
			<key>isa</key>
			<string>PBXFileReference</string>
			<key>lastKnownFileType</key>
			<string>sourcecode.c.objc</string>
			<key>path</key>
			<string>BGTextView.m</string>
			<key>sourceTree</key>
			<string>&lt;group&gt;</string>
		</dict>
		<key>94F2DB461964CA0000FBCA07</key>
		<dict>
			<key>fileRef</key>
			<string>94F2DB451964CA0000FBCA07</string>
			<key>isa</key>
			<string>PBXBuildFile</string>
		</dict>
		<key>94F2DB471965BB8B00FBCA07</key>
		<dict>
			<key>fileEncoding</key>
			<string>4</string>
			<key>isa</key>
			<string>PBXFileReference</string>
			<key>lastKnownFileType</key>
			<string>sourcecode.c.h</string>
			<key>path</key>
			<string>BGShareViewController.h</string>
			<key>sourceTree</key>
			<string>&lt;group&gt;</string>
		</dict>
		<key>94F2DB481965BB8B00FBCA07</key>
		<dict>
			<key>fileEncoding</key>
			<string>4</string>
			<key>isa</key>
			<string>PBXFileReference</string>
			<key>lastKnownFileType</key>
			<string>sourcecode.c.objc</string>
			<key>path</key>
			<string>BGShareViewController.m</string>
			<key>sourceTree</key>
			<string>&lt;group&gt;</string>
		</dict>
		<key>94F2DB491965BB8B00FBCA07</key>
		<dict>
			<key>fileRef</key>
			<string>94F2DB481965BB8B00FBCA07</string>
			<key>isa</key>
			<string>PBXBuildFile</string>
		</dict>
		<key>94F2DB4A1965C19D00FBCA07</key>
		<dict>
			<key>isa</key>
			<string>PBXFileReference</string>
			<key>lastKnownFileType</key>
			<string>wrapper.framework</string>
			<key>name</key>
			<string>MessageUI.framework</string>
			<key>path</key>
			<string>System/Library/Frameworks/MessageUI.framework</string>
			<key>sourceTree</key>
			<string>SDKROOT</string>
		</dict>
		<key>94F2DB4B1965C19D00FBCA07</key>
		<dict>
			<key>fileRef</key>
			<string>94F2DB4A1965C19D00FBCA07</string>
			<key>isa</key>
			<string>PBXBuildFile</string>
		</dict>
		<key>94F2DB4C1966F9DF00FBCA07</key>
		<dict>
			<key>isa</key>
			<string>PBXFileReference</string>
			<key>lastKnownFileType</key>
			<string>wrapper.framework</string>
			<key>name</key>
			<string>Accounts.framework</string>
			<key>path</key>
			<string>System/Library/Frameworks/Accounts.framework</string>
			<key>sourceTree</key>
			<string>SDKROOT</string>
		</dict>
		<key>94F2DB4D1966F9DF00FBCA07</key>
		<dict>
			<key>fileRef</key>
			<string>94F2DB4C1966F9DF00FBCA07</string>
			<key>isa</key>
			<string>PBXBuildFile</string>
		</dict>
		<key>94F2DB501966FAED00FBCA07</key>
		<dict>
			<key>isa</key>
			<string>PBXFileReference</string>
			<key>lastKnownFileType</key>
			<string>wrapper.framework</string>
			<key>name</key>
			<string>Social.framework</string>
			<key>path</key>
			<string>System/Library/Frameworks/Social.framework</string>
			<key>sourceTree</key>
			<string>SDKROOT</string>
		</dict>
		<key>94F2DB511966FAED00FBCA07</key>
		<dict>
			<key>fileRef</key>
			<string>94F2DB501966FAED00FBCA07</string>
			<key>isa</key>
			<string>PBXBuildFile</string>
		</dict>
		<key>94F2DB52196B444A00FBCA07</key>
		<dict>
			<key>children</key>
			<array>
				<string>94F2DB501966FAED00FBCA07</string>
				<string>94F2DB4C1966F9DF00FBCA07</string>
				<string>94F2DB4A1965C19D00FBCA07</string>
				<string>B8D4A3F8C7106AC55FD0564B</string>
			</array>
			<key>isa</key>
			<string>PBXGroup</string>
			<key>name</key>
			<string>Frameworks</string>
			<key>sourceTree</key>
			<string>&lt;group&gt;</string>
		</dict>
		<key>94F2DB53196B446200FBCA07</key>
		<dict>
			<key>children</key>
			<array>
				<string>94A107A41957D61E009E7A5F</string>
				<string>94A107A51957D61E009E7A5F</string>
				<string>94A1079A1957D61E009E7A5F</string>
				<string>94A1079B1957D61E009E7A5F</string>
			</array>
			<key>isa</key>
			<string>PBXGroup</string>
			<key>name</key>
			<string>List</string>
			<key>sourceTree</key>
			<string>&lt;group&gt;</string>
		</dict>
		<key>94F2DB55196B44A400FBCA07</key>
		<dict>
			<key>children</key>
			<array>
				<string>94CA403419D5A25B00F6C4A7</string>
				<string>94CA403519D5A25B00F6C4A7</string>
				<string>94A107AE1957D61E009E7A5F</string>
				<string>94A107AF1957D61E009E7A5F</string>
				<string>94A107B21957D61E009E7A5F</string>
				<string>94A107B31957D61E009E7A5F</string>
				<string>94CA402319D1CC1C00F6C4A7</string>
				<string>94CA402419D1CC1C00F6C4A7</string>
				<string>94CA403D19D6180800F6C4A7</string>
				<string>94CA403E19D6180800F6C4A7</string>
			</array>
			<key>isa</key>
			<string>PBXGroup</string>
			<key>name</key>
			<string>Rendering</string>
			<key>sourceTree</key>
			<string>&lt;group&gt;</string>
		</dict>
		<key>94F2DB56196B44CC00FBCA07</key>
		<dict>
			<key>children</key>
			<array>
				<string>94A107961957D61E009E7A5F</string>
				<string>94A107971957D61E009E7A5F</string>
				<string>94CA404019D61C2300F6C4A7</string>
				<string>94CA404119D61C2300F6C4A7</string>
				<string>94CA404319D61C9900F6C4A7</string>
				<string>94CA404419D61C9900F6C4A7</string>
			</array>
			<key>isa</key>
			<string>PBXGroup</string>
			<key>name</key>
			<string>Root</string>
			<key>sourceTree</key>
			<string>&lt;group&gt;</string>
		</dict>
		<key>94F2DB57196B44D600FBCA07</key>
		<dict>
			<key>children</key>
			<array>
				<string>94F2DB471965BB8B00FBCA07</string>
				<string>94F2DB481965BB8B00FBCA07</string>
				<string>94A107AC1957D61E009E7A5F</string>
				<string>94A107AD1957D61E009E7A5F</string>
				<string>94CA403119D59E5F00F6C4A7</string>
				<string>94CA403219D59E5F00F6C4A7</string>
				<string>94CA403719D5A61200F6C4A7</string>
				<string>94CA403819D5A61200F6C4A7</string>
			</array>
			<key>isa</key>
			<string>PBXGroup</string>
			<key>name</key>
			<string>Sharing</string>
			<key>sourceTree</key>
			<string>&lt;group&gt;</string>
		</dict>
		<key>94F2DB58196B44DA00FBCA07</key>
		<dict>
			<key>children</key>
			<array>
				<string>94A107A01957D61E009E7A5F</string>
				<string>94A107A11957D61E009E7A5F</string>
				<string>94A107A61957D61E009E7A5F</string>
				<string>94A107A71957D61E009E7A5F</string>
				<string>94A107B01957D61E009E7A5F</string>
				<string>94A107B11957D61E009E7A5F</string>
				<string>94F2DB441964CA0000FBCA07</string>
				<string>94F2DB451964CA0000FBCA07</string>
				<string>94CA402619D320A900F6C4A7</string>
				<string>94CA402719D320A900F6C4A7</string>
				<string>94CA404619D6202800F6C4A7</string>
				<string>94CA404719D6202800F6C4A7</string>
			</array>
			<key>isa</key>
			<string>PBXGroup</string>
			<key>name</key>
			<string>Common UI</string>
			<key>sourceTree</key>
			<string>&lt;group&gt;</string>
		</dict>
		<key>94F2DB59196B450F00FBCA07</key>
		<dict>
			<key>children</key>
			<array>
				<string>94A107A81957D61E009E7A5F</string>
				<string>94A107A91957D61E009E7A5F</string>
				<string>94A1079E1957D61E009E7A5F</string>
				<string>94A1079F1957D61E009E7A5F</string>
				<string>94CA402E19D3423500F6C4A7</string>
				<string>94CA402F19D3423500F6C4A7</string>
			</array>
			<key>isa</key>
			<string>PBXGroup</string>
			<key>name</key>
			<string>Editing</string>
			<key>sourceTree</key>
			<string>&lt;group&gt;</string>
		</dict>
		<key>94F2DB5A196B451E00FBCA07</key>
		<dict>
			<key>children</key>
			<array>
				<string>94A107981957D61E009E7A5F</string>
				<string>94A107991957D61E009E7A5F</string>
				<string>94A1079C1957D61E009E7A5F</string>
				<string>94A1079D1957D61E009E7A5F</string>
				<string>94A107A21957D61E009E7A5F</string>
				<string>94A107A31957D61E009E7A5F</string>
				<string>94A107AA1957D61E009E7A5F</string>
				<string>94A107AB1957D61E009E7A5F</string>
				<string>94CA403A19D5B36500F6C4A7</string>
				<string>94CA403B19D5B36500F6C4A7</string>
			</array>
			<key>isa</key>
			<string>PBXGroup</string>
			<key>name</key>
			<string>Model</string>
			<key>sourceTree</key>
			<string>&lt;group&gt;</string>
		</dict>
		<key>94F2DB5C196B46B600FBCA07</key>
		<dict>
			<key>fileEncoding</key>
			<string>4</string>
			<key>isa</key>
			<string>PBXFileReference</string>
			<key>lastKnownFileType</key>
			<string>sourcecode.c.h</string>
			<key>path</key>
			<string>BIF-Prefix.pch</string>
			<key>sourceTree</key>
			<string>&lt;group&gt;</string>
		</dict>
		<key>9E6ABF70ADE6C053CDE916EF</key>
		<dict>
			<key>includeInIndex</key>
			<string>1</string>
			<key>isa</key>
			<string>PBXFileReference</string>
			<key>lastKnownFileType</key>
			<string>text.xcconfig</string>
			<key>name</key>
			<string>Pods-BIF.release.xcconfig</string>
			<key>path</key>
			<string>Pods/Target Support Files/Pods-BIF/Pods-BIF.release.xcconfig</string>
			<key>sourceTree</key>
			<string>&lt;group&gt;</string>
		</dict>
		<key>A74C6879809807A16AF5E93E</key>
		<dict>
			<key>fileRef</key>
			<string>B8D4A3F8C7106AC55FD0564B</string>
			<key>isa</key>
			<string>PBXBuildFile</string>
		</dict>
		<key>A8F647D18DD790CCB2B1C212</key>
		<dict>
			<key>includeInIndex</key>
			<string>1</string>
			<key>isa</key>
			<string>PBXFileReference</string>
			<key>lastKnownFileType</key>
			<string>text.xcconfig</string>
			<key>name</key>
			<string>Pods-BIF.release.xcconfig</string>
			<key>path</key>
			<string>../Pods/Target Support Files/Pods-BIF/Pods-BIF.release.xcconfig</string>
			<key>sourceTree</key>
			<string>&lt;group&gt;</string>
		</dict>
		<key>ABD7270FB7023FF152C5D340</key>
		<dict>
			<key>includeInIndex</key>
			<string>1</string>
			<key>isa</key>
			<string>PBXFileReference</string>
			<key>lastKnownFileType</key>
			<string>text.xcconfig</string>
			<key>name</key>
			<string>Pods-BIF.debug.xcconfig</string>
			<key>path</key>
			<string>../Pods/Target Support Files/Pods-BIF/Pods-BIF.debug.xcconfig</string>
			<key>sourceTree</key>
			<string>&lt;group&gt;</string>
		</dict>
		<key>B8D4A3F8C7106AC55FD0564B</key>
		<dict>
			<key>explicitFileType</key>
			<string>archive.ar</string>
			<key>includeInIndex</key>
			<string>0</string>
			<key>isa</key>
			<string>PBXFileReference</string>
			<key>path</key>
			<string>libPods-BIF.a</string>
			<key>sourceTree</key>
			<string>BUILT_PRODUCTS_DIR</string>
		</dict>
		<key>D14DB3DDA70A60C1558CD476</key>
		<dict>
			<key>buildActionMask</key>
			<string>2147483647</string>
			<key>files</key>
			<array/>
			<key>inputPaths</key>
			<array/>
			<key>isa</key>
			<string>PBXShellScriptBuildPhase</string>
			<key>name</key>
			<string>Copy Pods Resources</string>
			<key>outputPaths</key>
			<array/>
			<key>runOnlyForDeploymentPostprocessing</key>
			<string>0</string>
			<key>shellPath</key>
			<string>/bin/sh</string>
			<key>shellScript</key>
			<string>"${SRCROOT}/../Pods/Target Support Files/Pods-BIF/Pods-BIF-resources.sh"
</string>
			<key>showEnvVarsInLog</key>
			<string>0</string>
		</dict>
		<key>D1EBDA930C85066F3540F786</key>
		<dict>
			<key>buildActionMask</key>
			<string>2147483647</string>
			<key>files</key>
			<array/>
			<key>inputPaths</key>
			<array/>
			<key>isa</key>
			<string>PBXShellScriptBuildPhase</string>
			<key>name</key>
			<string>Check Pods Manifest.lock</string>
			<key>outputPaths</key>
			<array/>
			<key>runOnlyForDeploymentPostprocessing</key>
			<string>0</string>
			<key>shellPath</key>
			<string>/bin/sh</string>
			<key>shellScript</key>
			<string>diff "${PODS_ROOT}/../Podfile.lock" "${PODS_ROOT}/Manifest.lock" &gt; /dev/null
if [[ $? != 0 ]] ; then
    cat &lt;&lt; EOM
error: The sandbox is not in sync with the Podfile.lock. Run 'pod install' or update your CocoaPods installation.
EOM
    exit 1
fi
</string>
			<key>showEnvVarsInLog</key>
			<string>0</string>
		</dict>
	</dict>
	<key>rootObject</key>
	<string>94A1076D1957D5F8009E7A5F</string>
</dict>
</plist>
